
Microsoft Visual Studio Solution File, Format Version 12.00
# Visual Studio Version 17
VisualStudioVersion = 17.10.35122.118
MinimumVisualStudioVersion = 10.0.40219.1
Project("{888888A0-9F3D-457C-B088-3A5042F75D52}") = "Nulook", "Nulook\Nulook.pyproj", "{A99EA33A-2950-4278-9F28-0CA02C005843}"
EndProject
Global
	GlobalSection(SolutionConfigurationPlatforms) = preSolution
		Debug|Any CPU = Debug|Any CPU
		Release|Any CPU = Release|Any CPU
	EndGlobalSection
	GlobalSection(ProjectConfigurationPlatforms) = postSolution
		{A99EA33A-2950-4278-9F28-0CA02C005843}.Debug|Any CPU.ActiveCfg = Debug|Any CPU
		{A99EA33A-2950-4278-9F28-0CA02C005843}.Debug|Any CPU.Build.0 = Debug|Any CPU
		{A99EA33A-2950-4278-9F28-0CA02C005843}.Release|Any CPU.ActiveCfg = Release|Any CPU
		{A99EA33A-2950-4278-9F28-0CA02C005843}.Release|Any CPU.Build.0 = Release|Any CPU
	EndGlobalSection
	GlobalSection(SolutionProperties) = preSolution
		HideSolutionNode = FALSE
	EndGlobalSection
	GlobalSection(ExtensibilityGlobals) = postSolution
		SolutionGuid = {FF169F6E-CE27-46AA-9BA7-789C31EE3326}
	EndGlobalSection
EndGlobal
